
Microsoft Visual Studio Solution File, Format Version 12.00
# Visual Studio 15
VisualStudioVersion = 15.0.25807.0
MinimumVisualStudioVersion = 10.0.40219.1
Project("{2150E333-8FDC-42A3-9474-1A3956D46DE8}") = "Engine", "Engine", "{109F81C9-B3B7-44BB-A803-5CB2B63E8813}"
EndProject
Project("{2150E333-8FDC-42A3-9474-1A3956D46DE8}") = "Games", "Games", "{F8DDB537-42A7-479F-A342-7B522BAD5441}"
EndProject
Project("{8BC9CEB8-8B4A-11D0-8D11-00A0C91BC942}") = "UE4", "Intermediate\ProjectFiles\UE4.vcxproj", "{A188D133-B0EF-45EC-9907-C0362C7B2A94}"
EndProject
Project("{8BC9CEB8-8B4A-11D0-8D11-00A0C91BC942}") = "BuildingEscape", "Intermediate\ProjectFiles\BuildingEscape.vcxproj", "{A11FFAF6-9DEB-4BF5-9DD5-99A9DB035993}"
EndProject
Global
	GlobalSection(SolutionConfigurationPlatforms) = preSolution
		DebugGame Editor|HTML5 = DebugGame Editor|HTML5
		DebugGame Editor|Win32 = DebugGame Editor|Win32
		DebugGame Editor|Win64 = DebugGame Editor|Win64
		DebugGame|HTML5 = DebugGame|HTML5
		DebugGame|Win32 = DebugGame|Win32
		DebugGame|Win64 = DebugGame|Win64
		Development Editor|HTML5 = Development Editor|HTML5
		Development Editor|Win32 = Development Editor|Win32
		Development Editor|Win64 = Development Editor|Win64
		Development|HTML5 = Development|HTML5
		Development|Win32 = Development|Win32
		Development|Win64 = Development|Win64
		Shipping|HTML5 = Shipping|HTML5
		Shipping|Win32 = Shipping|Win32
		Shipping|Win64 = Shipping|Win64
	EndGlobalSection
	GlobalSection(ProjectConfigurationPlatforms) = postSolution
		{A11FFAF6-9DEB-4BF5-9DD5-99A9DB035993}.DebugGame Editor|HTML5.ActiveCfg = HTML5_DebugGame_Editor|Win32
		{A11FFAF6-9DEB-4BF5-9DD5-99A9DB035993}.DebugGame Editor|Win32.ActiveCfg = DebugGame_Editor|Win32
		{A11FFAF6-9DEB-4BF5-9DD5-99A9DB035993}.DebugGame Editor|Win64.ActiveCfg = DebugGame_Editor|x64
		{A11FFAF6-9DEB-4BF5-9DD5-99A9DB035993}.DebugGame Editor|Win64.Build.0 = DebugGame_Editor|x64
		{A11FFAF6-9DEB-4BF5-9DD5-99A9DB035993}.DebugGame|HTML5.ActiveCfg = HTML5_DebugGame_Game|Win32
		{A11FFAF6-9DEB-4BF5-9DD5-99A9DB035993}.DebugGame|HTML5.Build.0 = HTML5_DebugGame_Game|Win32
		{A11FFAF6-9DEB-4BF5-9DD5-99A9DB035993}.DebugGame|Win32.ActiveCfg = DebugGame_Game|Win32
		{A11FFAF6-9DEB-4BF5-9DD5-99A9DB035993}.DebugGame|Win32.Build.0 = DebugGame_Game|Win32
		{A11FFAF6-9DEB-4BF5-9DD5-99A9DB035993}.DebugGame|Win64.ActiveCfg = DebugGame_Game|x64
		{A11FFAF6-9DEB-4BF5-9DD5-99A9DB035993}.DebugGame|Win64.Build.0 = DebugGame_Game|x64
		{A11FFAF6-9DEB-4BF5-9DD5-99A9DB035993}.Development Editor|HTML5.ActiveCfg = HTML5_Development_Editor|Win32
		{A11FFAF6-9DEB-4BF5-9DD5-99A9DB035993}.Development Editor|Win32.ActiveCfg = Development_Editor|Win32
		{A11FFAF6-9DEB-4BF5-9DD5-99A9DB035993}.Development Editor|Win64.ActiveCfg = Development_Editor|x64
		{A11FFAF6-9DEB-4BF5-9DD5-99A9DB035993}.Development Editor|Win64.Build.0 = Development_Editor|x64
		{A11FFAF6-9DEB-4BF5-9DD5-99A9DB035993}.Development|HTML5.ActiveCfg = HTML5_Development_Game|Win32
		{A11FFAF6-9DEB-4BF5-9DD5-99A9DB035993}.Development|HTML5.Build.0 = HTML5_Development_Game|Win32
		{A11FFAF6-9DEB-4BF5-9DD5-99A9DB035993}.Development|Win32.ActiveCfg = Development_Game|Win32
		{A11FFAF6-9DEB-4BF5-9DD5-99A9DB035993}.Development|Win32.Build.0 = Development_Game|Win32
		{A11FFAF6-9DEB-4BF5-9DD5-99A9DB035993}.Development|Win64.ActiveCfg = Development_Game|x64
		{A11FFAF6-9DEB-4BF5-9DD5-99A9DB035993}.Development|Win64.Build.0 = Development_Game|x64
		{A11FFAF6-9DEB-4BF5-9DD5-99A9DB035993}.Shipping|HTML5.ActiveCfg = HTML5_Shipping_Game|Win32
		{A11FFAF6-9DEB-4BF5-9DD5-99A9DB035993}.Shipping|HTML5.Build.0 = HTML5_Shipping_Game|Win32
		{A11FFAF6-9DEB-4BF5-9DD5-99A9DB035993}.Shipping|Win32.ActiveCfg = Shipping_Game|Win32
		{A11FFAF6-9DEB-4BF5-9DD5-99A9DB035993}.Shipping|Win32.Build.0 = Shipping_Game|Win32
		{A11FFAF6-9DEB-4BF5-9DD5-99A9DB035993}.Shipping|Win64.ActiveCfg = Shipping_Game|x64
		{A11FFAF6-9DEB-4BF5-9DD5-99A9DB035993}.Shipping|Win64.Build.0 = Shipping_Game|x64
	EndGlobalSection
	GlobalSection(SolutionProperties) = preSolution
		HideSolutionNode = FALSE
	EndGlobalSection
	GlobalSection(NestedProjects) = preSolution
		{A188D133-B0EF-45EC-9907-C0362C7B2A94} = {109F81C9-B3B7-44BB-A803-5CB2B63E8813}
		{A11FFAF6-9DEB-4BF5-9DD5-99A9DB035993} = {F8DDB537-42A7-479F-A342-7B522BAD5441}
	EndGlobalSection
EndGlobal
